// !$*UTF8*$!
{
	archiveVersion = 1;
	classes = {
	};
	objectVersion = 77;
	objects = {

/* Begin PBXBuildFile section */
		0A9282FEA8918D629FAEED8D /* LightControlView.swift in Sources */ = {isa = PBXBuildFile; fileRef = 9AAE3FBEA794C6D7DA1D597D /* LightControlView.swift */; };
		237646B1C10C3EAD06E7E978 /* DebugLogView.swift in Sources */ = {isa = PBXBuildFile; fileRef = 5E0AD22691AC13AA834B0487 /* DebugLogView.swift */; };
		33280DFB3AFB4CCC47E14D14 /* ProvisioningPDU.swift in Sources */ = {isa = PBXBuildFile; fileRef = 8977D6B232922EA4FE6BF488 /* ProvisioningPDU.swift */; };
		362F8D7C35C5FB9EEA8E1D22 /* ProvisioningManager.swift in Sources */ = {isa = PBXBuildFile; fileRef = 2B4559D072EE93D28896EEFC /* ProvisioningManager.swift */; };

		906941AABFDCB09F3F60EE54 /* SidusMeshConfig.swift in Sources */ = {isa = PBXBuildFile; fileRef = AD8F4D6567CD5F653F4FF720 /* SidusMeshConfig.swift */; };
		967A6D3B3784BF433641BE94 /* LightState.swift in Sources */ = {isa = PBXBuildFile; fileRef = C12300A661DDD19AB7992487 /* LightState.swift */; };
		97580AC1BB44F880636E0AAE /* MyLightsView.swift in Sources */ = {isa = PBXBuildFile; fileRef = DE57E401E0866863DC5B1146 /* MyLightsView.swift */; };
		9CA18D2A805EBEDF789859F4 /* MeshCrypto.swift in Sources */ = {isa = PBXBuildFile; fileRef = 992513CD5F1FAA9B84055887 /* MeshCrypto.swift */; };
		9F4E8D7B81AF8C471777253E /* SidusProtocols.swift in Sources */ = {isa = PBXBuildFile; fileRef = D25EB2E3FBCB7C6799D4542F /* SidusProtocols.swift */; };
		AD22780D400186BC14DF823B /* FilmLightRemoteApp.swift in Sources */ = {isa = PBXBuildFile; fileRef = 46C0D7611C64BE31809559B3 /* FilmLightRemoteApp.swift */; };
		B2A4A24741DE03CAEB2663B2 /* ProvisioningCrypto.swift in Sources */ = {isa = PBXBuildFile; fileRef = 068ECC53454507BE5CBCC478 /* ProvisioningCrypto.swift */; };
		B79946754168679DC97B8D38 /* ProvisioningView.swift in Sources */ = {isa = PBXBuildFile; fileRef = D61846E9A4C95FB19D8F15C6 /* ProvisioningView.swift */; };
		A1B2C3D4E5F60001BRDG0001 /* BridgeManager.swift in Sources */ = {isa = PBXBuildFile; fileRef = A1B2C3D4E5F60002BRDG0002 /* BridgeManager.swift */; };
		C09358CAB6C704237479F3FE /* BLEManager.swift in Sources */ = {isa = PBXBuildFile; fileRef = 1E877B3320FD9730E91EC522 /* BLEManager.swift */; };
		C137F62B9A5A9DD8C37EA7C0 /* ContentView.swift in Sources */ = {isa = PBXBuildFile; fileRef = 6460FFFCC181B4F8B9CCDC0D /* ContentView.swift */; };
		D7C6F37B47EF51F882855AA0 /* KeyStorage.swift in Sources */ = {isa = PBXBuildFile; fileRef = 1B5A689371BF2929D94096E9 /* KeyStorage.swift */; };
		E3F769A0C59620618AE4CFDB /* SavedLight.swift in Sources */ = {isa = PBXBuildFile; fileRef = B18F642EB0F7B00AEA977D0B /* SavedLight.swift */; };
		EF1FBB863574D0C9C753A024 /* LightSessionView.swift in Sources */ = {isa = PBXBuildFile; fileRef = E6813B950AB3CC3D52353986 /* LightSessionView.swift */; };
		F5C6FF848AAE9ED7FDA235B2 /* AddLightFlowView.swift in Sources */ = {isa = PBXBuildFile; fileRef = BED2B28AB1F4072AC772DDBB /* AddLightFlowView.swift */; };
		F6520380E97A2CF03A4D2759 /* ScannerView.swift in Sources */ = {isa = PBXBuildFile; fileRef = 7516003A19D055B376461731 /* ScannerView.swift */; };
		FA5D2177F66FE33715125982 /* CryptoSwift in Frameworks */ = {isa = PBXBuildFile; productRef = 6B538549EB6B5D82531EAA96 /* CryptoSwift */; };
		FAF341FDFC2DF238C5DCF06C /* MeshConfigManager.swift in Sources */ = {isa = PBXBuildFile; fileRef = F0B2D3A837E5C066289669C3 /* MeshConfigManager.swift */; };
		1A2B3C4D5E6F7A8B9C0D1E2F /* CueModels.swift in Sources */ = {isa = PBXBuildFile; fileRef = A1B2C3D4E5F6A7B8C9D0E1F2 /* CueModels.swift */; };
		2B3C4D5E6F7A8B9C0D1E2F3A /* CueEngine.swift in Sources */ = {isa = PBXBuildFile; fileRef = B2C3D4E5F6A7B8C9D0E1F2A3 /* CueEngine.swift */; };
		3C4D5E6F7A8B9C0D1E2F3A4B /* CuesView.swift in Sources */ = {isa = PBXBuildFile; fileRef = C3D4E5F6A7B8C9D0E1F2A3B4 /* CuesView.swift */; };
		4D5E6F7A8B9C0D1E2F3A4B5C /* CueListDetailView.swift in Sources */ = {isa = PBXBuildFile; fileRef = D4E5F6A7B8C9D0E1F2A3B4C5 /* CueListDetailView.swift */; };
		5E6F7A8B9C0D1E2F3A4B5C6D /* CueEditorView.swift in Sources */ = {isa = PBXBuildFile; fileRef = E5F6A7B8C9D0E1F2A3B4C5D6 /* CueEditorView.swift */; };
		6F7A8B9C0D1E2F3A4B5C6D7E /* CueLightEditorView.swift in Sources */ = {isa = PBXBuildFile; fileRef = F6A7B8C9D0E1F2A3B4C5D6E7 /* CueLightEditorView.swift */; };
		7A8B9C0D1E2F3A4B5C6D7E8F /* BridgeConnectionView.swift in Sources */ = {isa = PBXBuildFile; fileRef = 8B9C0D1E2F3A4B5C6D7E8F9A /* BridgeConnectionView.swift */; };
		AA1100001111000011110001 /* TimelineView.swift in Sources */ = {isa = PBXBuildFile; fileRef = AA1100001111000011110002 /* TimelineView.swift */; };
		AA2200002222000022220001 /* TimelineEngine.swift in Sources */ = {isa = PBXBuildFile; fileRef = AA2200002222000022220002 /* TimelineEngine.swift */; };
		AA3300003333000033330001 /* MetronomeEngine.swift in Sources */ = {isa = PBXBuildFile; fileRef = AA3300003333000033330002 /* MetronomeEngine.swift */; };
		AA4400004444000044440001 /* TempoMap.swift in Sources */ = {isa = PBXBuildFile; fileRef = AA4400004444000044440002 /* TempoMap.swift */; };
		AA5500005555000055550001 /* GroupsView.swift in Sources */ = {isa = PBXBuildFile; fileRef = AA5500005555000055550002 /* GroupsView.swift */; };
		AA6600006666000066660001 /* GroupSessionView.swift in Sources */ = {isa = PBXBuildFile; fileRef = AA6600006666000066660002 /* GroupSessionView.swift */; };
		AA7700007777000077770001 /* SlotBarView.swift in Sources */ = {isa = PBXBuildFile; fileRef = AA7700007777000077770002 /* SlotBarView.swift */; };
/* End PBXBuildFile section */

/* Begin PBXFileReference section */
		068ECC53454507BE5CBCC478 /* ProvisioningCrypto.swift */ = {isa = PBXFileReference; lastKnownFileType = sourcecode.swift; path = ProvisioningCrypto.swift; sourceTree = "<group>"; };
		1B5A689371BF2929D94096E9 /* KeyStorage.swift */ = {isa = PBXFileReference; lastKnownFileType = sourcecode.swift; path = KeyStorage.swift; sourceTree = "<group>"; };
		1E877B3320FD9730E91EC522 /* BLEManager.swift */ = {isa = PBXFileReference; lastKnownFileType = sourcecode.swift; path = BLEManager.swift; sourceTree = "<group>"; };
		A1B2C3D4E5F60002BRDG0002 /* BridgeManager.swift */ = {isa = PBXFileReference; lastKnownFileType = sourcecode.swift; path = BridgeManager.swift; sourceTree = "<group>"; };
		2B4559D072EE93D28896EEFC /* ProvisioningManager.swift */ = {isa = PBXFileReference; lastKnownFileType = sourcecode.swift; path = ProvisioningManager.swift; sourceTree = "<group>"; };
		46C0D7611C64BE31809559B3 /* FilmLightRemoteApp.swift */ = {isa = PBXFileReference; lastKnownFileType = sourcecode.swift; path = FilmLightRemoteApp.swift; sourceTree = "<group>"; };
		5E0AD22691AC13AA834B0487 /* DebugLogView.swift */ = {isa = PBXFileReference; lastKnownFileType = sourcecode.swift; path = DebugLogView.swift; sourceTree = "<group>"; };
		6460FFFCC181B4F8B9CCDC0D /* ContentView.swift */ = {isa = PBXFileReference; lastKnownFileType = sourcecode.swift; path = ContentView.swift; sourceTree = "<group>"; };
		7516003A19D055B376461731 /* ScannerView.swift */ = {isa = PBXFileReference; lastKnownFileType = sourcecode.swift; path = ScannerView.swift; sourceTree = "<group>"; };
		8977D6B232922EA4FE6BF488 /* ProvisioningPDU.swift */ = {isa = PBXFileReference; lastKnownFileType = sourcecode.swift; path = ProvisioningPDU.swift; sourceTree = "<group>"; };
		992513CD5F1FAA9B84055887 /* MeshCrypto.swift */ = {isa = PBXFileReference; lastKnownFileType = sourcecode.swift; path = MeshCrypto.swift; sourceTree = "<group>"; };
		9AAE3FBEA794C6D7DA1D597D /* LightControlView.swift */ = {isa = PBXFileReference; lastKnownFileType = sourcecode.swift; path = LightControlView.swift; sourceTree = "<group>"; };
		AD8F4D6567CD5F653F4FF720 /* SidusMeshConfig.swift */ = {isa = PBXFileReference; lastKnownFileType = sourcecode.swift; path = SidusMeshConfig.swift; sourceTree = "<group>"; };
		B18F642EB0F7B00AEA977D0B /* SavedLight.swift */ = {isa = PBXFileReference; lastKnownFileType = sourcecode.swift; path = SavedLight.swift; sourceTree = "<group>"; };
		8B9C0D1E2F3A4B5C6D7E8F9A /* BridgeConnectionView.swift */ = {isa = PBXFileReference; lastKnownFileType = sourcecode.swift; path = BridgeConnectionView.swift; sourceTree = "<group>"; };
		BED2B28AB1F4072AC772DDBB /* AddLightFlowView.swift */ = {isa = PBXFileReference; lastKnownFileType = sourcecode.swift; path = AddLightFlowView.swift; sourceTree = "<group>"; };
		C12300A661DDD19AB7992487 /* LightState.swift */ = {isa = PBXFileReference; lastKnownFileType = sourcecode.swift; path = LightState.swift; sourceTree = "<group>"; };
		D25EB2E3FBCB7C6799D4542F /* SidusProtocols.swift */ = {isa = PBXFileReference; lastKnownFileType = sourcecode.swift; path = SidusProtocols.swift; sourceTree = "<group>"; };

		D61846E9A4C95FB19D8F15C6 /* ProvisioningView.swift */ = {isa = PBXFileReference; lastKnownFileType = sourcecode.swift; path = ProvisioningView.swift; sourceTree = "<group>"; };
		DCBC503C53982BEB3199AF30 /* FilmLightRemote.app */ = {isa = PBXFileReference; includeInIndex = 0; lastKnownFileType = wrapper.application; path = FilmLightRemote.app; sourceTree = BUILT_PRODUCTS_DIR; };
		DE57E401E0866863DC5B1146 /* MyLightsView.swift */ = {isa = PBXFileReference; lastKnownFileType = sourcecode.swift; path = MyLightsView.swift; sourceTree = "<group>"; };
		E6813B950AB3CC3D52353986 /* LightSessionView.swift */ = {isa = PBXFileReference; lastKnownFileType = sourcecode.swift; path = LightSessionView.swift; sourceTree = "<group>"; };
		F0B2D3A837E5C066289669C3 /* MeshConfigManager.swift */ = {isa = PBXFileReference; lastKnownFileType = sourcecode.swift; path = MeshConfigManager.swift; sourceTree = "<group>"; };
		A1B2C3D4E5F6A7B8C9D0E1F2 /* CueModels.swift */ = {isa = PBXFileReference; lastKnownFileType = sourcecode.swift; path = CueModels.swift; sourceTree = "<group>"; };
		B2C3D4E5F6A7B8C9D0E1F2A3 /* CueEngine.swift */ = {isa = PBXFileReference; lastKnownFileType = sourcecode.swift; path = CueEngine.swift; sourceTree = "<group>"; };
		C3D4E5F6A7B8C9D0E1F2A3B4 /* CuesView.swift */ = {isa = PBXFileReference; lastKnownFileType = sourcecode.swift; path = CuesView.swift; sourceTree = "<group>"; };
		D4E5F6A7B8C9D0E1F2A3B4C5 /* CueListDetailView.swift */ = {isa = PBXFileReference; lastKnownFileType = sourcecode.swift; path = CueListDetailView.swift; sourceTree = "<group>"; };
		E5F6A7B8C9D0E1F2A3B4C5D6 /* CueEditorView.swift */ = {isa = PBXFileReference; lastKnownFileType = sourcecode.swift; path = CueEditorView.swift; sourceTree = "<group>"; };
		F6A7B8C9D0E1F2A3B4C5D6E7 /* CueLightEditorView.swift */ = {isa = PBXFileReference; lastKnownFileType = sourcecode.swift; path = CueLightEditorView.swift; sourceTree = "<group>"; };
		AA1100001111000011110002 /* TimelineView.swift */ = {isa = PBXFileReference; lastKnownFileType = sourcecode.swift; path = TimelineView.swift; sourceTree = "<group>"; };
		AA2200002222000022220002 /* TimelineEngine.swift */ = {isa = PBXFileReference; lastKnownFileType = sourcecode.swift; path = TimelineEngine.swift; sourceTree = "<group>"; };
		AA3300003333000033330002 /* MetronomeEngine.swift */ = {isa = PBXFileReference; lastKnownFileType = sourcecode.swift; path = MetronomeEngine.swift; sourceTree = "<group>"; };
		AA4400004444000044440002 /* TempoMap.swift */ = {isa = PBXFileReference; lastKnownFileType = sourcecode.swift; path = TempoMap.swift; sourceTree = "<group>"; };
		AA5500005555000055550002 /* GroupsView.swift */ = {isa = PBXFileReference; lastKnownFileType = sourcecode.swift; path = GroupsView.swift; sourceTree = "<group>"; };
		AA6600006666000066660002 /* GroupSessionView.swift */ = {isa = PBXFileReference; lastKnownFileType = sourcecode.swift; path = GroupSessionView.swift; sourceTree = "<group>"; };
		AA7700007777000077770002 /* SlotBarView.swift */ = {isa = PBXFileReference; lastKnownFileType = sourcecode.swift; path = SlotBarView.swift; sourceTree = "<group>"; };
/* End PBXFileReference section */

/* Begin PBXFrameworksBuildPhase section */
		8E215C16851B18999DEE5002 /* Frameworks */ = {
			isa = PBXFrameworksBuildPhase;
			buildActionMask = 2147483647;
			files = (
				FA5D2177F66FE33715125982 /* CryptoSwift in Frameworks */,
			);
			runOnlyForDeploymentPostprocessing = 0;
		};
/* End PBXFrameworksBuildPhase section */

/* Begin PBXGroup section */
		080E860E5F644D0207A2725F /* Products */ = {
			isa = PBXGroup;
			children = (
				DCBC503C53982BEB3199AF30 /* FilmLightRemote.app */,
			);
			name = Products;
			sourceTree = "<group>";
		};
		A0AA491C738FD6E6910A8773 /* Views */ = {
			isa = PBXGroup;
			children = (
				BED2B28AB1F4072AC772DDBB /* AddLightFlowView.swift */,
				8B9C0D1E2F3A4B5C6D7E8F9A /* BridgeConnectionView.swift */,
				6460FFFCC181B4F8B9CCDC0D /* ContentView.swift */,
				E5F6A7B8C9D0E1F2A3B4C5D6 /* CueEditorView.swift */,
				F6A7B8C9D0E1F2A3B4C5D6E7 /* CueLightEditorView.swift */,
				D4E5F6A7B8C9D0E1F2A3B4C5 /* CueListDetailView.swift */,
				C3D4E5F6A7B8C9D0E1F2A3B4 /* CuesView.swift */,
				5E0AD22691AC13AA834B0487 /* DebugLogView.swift */,
				AA6600006666000066660002 /* GroupSessionView.swift */,
				AA5500005555000055550002 /* GroupsView.swift */,
				9AAE3FBEA794C6D7DA1D597D /* LightControlView.swift */,
				E6813B950AB3CC3D52353986 /* LightSessionView.swift */,
				DE57E401E0866863DC5B1146 /* MyLightsView.swift */,
				D61846E9A4C95FB19D8F15C6 /* ProvisioningView.swift */,
				7516003A19D055B376461731 /* ScannerView.swift */,
				AA7700007777000077770002 /* SlotBarView.swift */,
				AA1100001111000011110002 /* TimelineView.swift */,
			);
			path = Views;
			sourceTree = "<group>";
		};
		D1A660717A0D303C1804688C /* Models */ = {
			isa = PBXGroup;
			children = (
				A1B2C3D4E5F6A7B8C9D0E1F2 /* CueModels.swift */,
				C12300A661DDD19AB7992487 /* LightState.swift */,
				B18F642EB0F7B00AEA977D0B /* SavedLight.swift */,
			);
			path = Models;
			sourceTree = "<group>";
		};
		D6B6E752036D0EB0FAF46F56 /* BLE */ = {
			isa = PBXGroup;
			children = (
				1E877B3320FD9730E91EC522 /* BLEManager.swift */,
				A1B2C3D4E5F60002BRDG0002 /* BridgeManager.swift */,
				B2C3D4E5F6A7B8C9D0E1F2A3 /* CueEngine.swift */,
				1B5A689371BF2929D94096E9 /* KeyStorage.swift */,
				F0B2D3A837E5C066289669C3 /* MeshConfigManager.swift */,
				992513CD5F1FAA9B84055887 /* MeshCrypto.swift */,
				AA3300003333000033330002 /* MetronomeEngine.swift */,
				068ECC53454507BE5CBCC478 /* ProvisioningCrypto.swift */,
				2B4559D072EE93D28896EEFC /* ProvisioningManager.swift */,
				8977D6B232922EA4FE6BF488 /* ProvisioningPDU.swift */,
				AD8F4D6567CD5F653F4FF720 /* SidusMeshConfig.swift */,
				D25EB2E3FBCB7C6799D4542F /* SidusProtocols.swift */,
				AA4400004444000044440002 /* TempoMap.swift */,
				AA2200002222000022220002 /* TimelineEngine.swift */,
			);
			path = BLE;
			sourceTree = "<group>";
		};
		E8D242696B7DDE837BDBD429 /* App */ = {
			isa = PBXGroup;
			children = (
				46C0D7611C64BE31809559B3 /* FilmLightRemoteApp.swift */,
			);
			path = App;
			sourceTree = "<group>";
		};
		F5E3FBD50A7DC564BCE49F79 /* Utils */ = {
			isa = PBXGroup;
			children = (
			);
			path = Utils;
			sourceTree = "<group>";
		};
		F9F17139782469E453CC4753 = {
			isa = PBXGroup;
			children = (
				FC22F58F04F66172A1CE5430 /* Sources */,
				080E860E5F644D0207A2725F /* Products */,
			);
			sourceTree = "<group>";
		};
		FC22F58F04F66172A1CE5430 /* Sources */ = {
			isa = PBXGroup;
			children = (
				E8D242696B7DDE837BDBD429 /* App */,
				D6B6E752036D0EB0FAF46F56 /* BLE */,
				D1A660717A0D303C1804688C /* Models */,
				F5E3FBD50A7DC564BCE49F79 /* Utils */,
				A0AA491C738FD6E6910A8773 /* Views */,
			);
			name = Sources;
			path = FilmLightRemote/Sources;
			sourceTree = "<group>";
		};
/* End PBXGroup section */

/* Begin PBXNativeTarget section */
		264DAB5395C727009F70C4F1 /* FilmLightRemote */ = {
			isa = PBXNativeTarget;
			buildConfigurationList = EF74309CFB386398847344E0 /* Build configuration list for PBXNativeTarget "FilmLightRemote" */;
			buildPhases = (
				AD73C086D5D581AF9C02BFF8 /* Sources */,
				8E215C16851B18999DEE5002 /* Frameworks */,
			);
			buildRules = (
			);
			dependencies = (
			);
			name = FilmLightRemote;
			packageProductDependencies = (
				6B538549EB6B5D82531EAA96 /* CryptoSwift */,
			);
			productName = FilmLightRemote;
			productReference = DCBC503C53982BEB3199AF30 /* FilmLightRemote.app */;
			productType = "com.apple.product-type.application";
		};
/* End PBXNativeTarget section */

/* Begin PBXProject section */
		AA0F3B0C3FABE59437143ECD /* Project object */ = {
			isa = PBXProject;
			attributes = {
				BuildIndependentTargetsInParallel = YES;
				LastUpgradeCheck = 1500;
				TargetAttributes = {
					264DAB5395C727009F70C4F1 = {
						DevelopmentTeam = 68V2Q6SJH5;
						ProvisioningStyle = Automatic;
					};
				};
			};
			buildConfigurationList = E948638C0077E89492C42F30 /* Build configuration list for PBXProject "FilmLightRemote" */;
			compatibilityVersion = "Xcode 14.0";
			developmentRegion = en;
			hasScannedForEncodings = 0;
			knownRegions = (
				Base,
				en,
			);
			mainGroup = F9F17139782469E453CC4753;
			minimizedProjectReferenceProxies = 1;
			packageReferences = (
				E0FF897B42CC8F4C134439E2 /* XCRemoteSwiftPackageReference "CryptoSwift" */,
			);
			preferredProjectObjectVersion = 77;
			projectDirPath = "";
			projectRoot = "";
			targets = (
				264DAB5395C727009F70C4F1 /* FilmLightRemote */,
			);
		};
/* End PBXProject section */

/* Begin PBXSourcesBuildPhase section */
		AD73C086D5D581AF9C02BFF8 /* Sources */ = {
			isa = PBXSourcesBuildPhase;
			buildActionMask = 2147483647;
			files = (
				F5C6FF848AAE9ED7FDA235B2 /* AddLightFlowView.swift in Sources */,
				C09358CAB6C704237479F3FE /* BLEManager.swift in Sources */,
				7A8B9C0D1E2F3A4B5C6D7E8F /* BridgeConnectionView.swift in Sources */,
				A1B2C3D4E5F60001BRDG0001 /* BridgeManager.swift in Sources */,
				5E6F7A8B9C0D1E2F3A4B5C6D /* CueEditorView.swift in Sources */,
				2B3C4D5E6F7A8B9C0D1E2F3A /* CueEngine.swift in Sources */,
				6F7A8B9C0D1E2F3A4B5C6D7E /* CueLightEditorView.swift in Sources */,
				4D5E6F7A8B9C0D1E2F3A4B5C /* CueListDetailView.swift in Sources */,
				1A2B3C4D5E6F7A8B9C0D1E2F /* CueModels.swift in Sources */,
				3C4D5E6F7A8B9C0D1E2F3A4B /* CuesView.swift in Sources */,
				C137F62B9A5A9DD8C37EA7C0 /* ContentView.swift in Sources */,
				237646B1C10C3EAD06E7E978 /* DebugLogView.swift in Sources */,
				AD22780D400186BC14DF823B /* FilmLightRemoteApp.swift in Sources */,
				D7C6F37B47EF51F882855AA0 /* KeyStorage.swift in Sources */,
				0A9282FEA8918D629FAEED8D /* LightControlView.swift in Sources */,
				EF1FBB863574D0C9C753A024 /* LightSessionView.swift in Sources */,
				967A6D3B3784BF433641BE94 /* LightState.swift in Sources */,
				FAF341FDFC2DF238C5DCF06C /* MeshConfigManager.swift in Sources */,
				9CA18D2A805EBEDF789859F4 /* MeshCrypto.swift in Sources */,
				97580AC1BB44F880636E0AAE /* MyLightsView.swift in Sources */,
				B2A4A24741DE03CAEB2663B2 /* ProvisioningCrypto.swift in Sources */,
				362F8D7C35C5FB9EEA8E1D22 /* ProvisioningManager.swift in Sources */,
				33280DFB3AFB4CCC47E14D14 /* ProvisioningPDU.swift in Sources */,
				B79946754168679DC97B8D38 /* ProvisioningView.swift in Sources */,
				E3F769A0C59620618AE4CFDB /* SavedLight.swift in Sources */,
				F6520380E97A2CF03A4D2759 /* ScannerView.swift in Sources */,
				906941AABFDCB09F3F60EE54 /* SidusMeshConfig.swift in Sources */,

				9F4E8D7B81AF8C471777253E /* SidusProtocols.swift in Sources */,
				AA1100001111000011110001 /* TimelineView.swift in Sources */,
				AA2200002222000022220001 /* TimelineEngine.swift in Sources */,
				AA3300003333000033330001 /* MetronomeEngine.swift in Sources */,
				AA4400004444000044440001 /* TempoMap.swift in Sources */,
				AA5500005555000055550001 /* GroupsView.swift in Sources */,
				AA6600006666000066660001 /* GroupSessionView.swift in Sources */,
				AA7700007777000077770001 /* SlotBarView.swift in Sources */,
			);
			runOnlyForDeploymentPostprocessing = 0;
		};
/* End PBXSourcesBuildPhase section */

/* Begin XCBuildConfiguration section */
		6D1EB6B6425316F00B311935 /* Release */ = {
			isa = XCBuildConfiguration;
			buildSettings = {
				ALWAYS_SEARCH_USER_PATHS = NO;
				CLANG_ANALYZER_NONNULL = YES;
				CLANG_ANALYZER_NUMBER_OBJECT_CONVERSION = YES_AGGRESSIVE;
				CLANG_CXX_LANGUAGE_STANDARD = "gnu++14";
				CLANG_CXX_LIBRARY = "libc++";
				CLANG_ENABLE_MODULES = YES;
				CLANG_ENABLE_OBJC_ARC = YES;
				CLANG_ENABLE_OBJC_WEAK = YES;
				CLANG_WARN_BLOCK_CAPTURE_AUTORELEASING = YES;
				CLANG_WARN_BOOL_CONVERSION = YES;
				CLANG_WARN_COMMA = YES;
				CLANG_WARN_CONSTANT_CONVERSION = YES;
				CLANG_WARN_DEPRECATED_OBJC_IMPLEMENTATIONS = YES;
				CLANG_WARN_DIRECT_OBJC_ISA_USAGE = YES_ERROR;
				CLANG_WARN_DOCUMENTATION_COMMENTS = YES;
				CLANG_WARN_EMPTY_BODY = YES;
				CLANG_WARN_ENUM_CONVERSION = YES;
				CLANG_WARN_INFINITE_RECURSION = YES;
				CLANG_WARN_INT_CONVERSION = YES;
				CLANG_WARN_NON_LITERAL_NULL_CONVERSION = YES;
				CLANG_WARN_OBJC_IMPLICIT_RETAIN_SELF = YES;
				CLANG_WARN_OBJC_LITERAL_CONVERSION = YES;
				CLANG_WARN_OBJC_ROOT_CLASS = YES_ERROR;
				CLANG_WARN_QUOTED_INCLUDE_IN_FRAMEWORK_HEADER = YES;
				CLANG_WARN_RANGE_LOOP_ANALYSIS = YES;
				CLANG_WARN_STRICT_PROTOTYPES = YES;
				CLANG_WARN_SUSPICIOUS_MOVE = YES;
				CLANG_WARN_UNGUARDED_AVAILABILITY = YES_AGGRESSIVE;
				CLANG_WARN_UNREACHABLE_CODE = YES;
				CLANG_WARN__DUPLICATE_METHOD_MATCH = YES;
				COPY_PHASE_STRIP = NO;
				DEBUG_INFORMATION_FORMAT = "dwarf-with-dsym";
				ENABLE_NS_ASSERTIONS = NO;
				ENABLE_STRICT_OBJC_MSGSEND = YES;
				ENABLE_USER_SCRIPT_SANDBOXING = NO;
				GCC_C_LANGUAGE_STANDARD = gnu11;
				GCC_NO_COMMON_BLOCKS = YES;
				GCC_WARN_64_TO_32_BIT_CONVERSION = YES;
				GCC_WARN_ABOUT_RETURN_TYPE = YES_ERROR;
				GCC_WARN_UNDECLARED_SELECTOR = YES;
				GCC_WARN_UNINITIALIZED_AUTOS = YES_AGGRESSIVE;
				GCC_WARN_UNUSED_FUNCTION = YES;
				GCC_WARN_UNUSED_VARIABLE = YES;
				IPHONEOS_DEPLOYMENT_TARGET = 16.0;
				MTL_ENABLE_DEBUG_INFO = NO;
				MTL_FAST_MATH = YES;
				PRODUCT_NAME = "$(TARGET_NAME)";
				SDKROOT = iphoneos;
				SWIFT_COMPILATION_MODE = wholemodule;
				SWIFT_OPTIMIZATION_LEVEL = "-O";
				SWIFT_VERSION = 5.9;
			};
			name = Release;
		};
		BB14096A408A3566ECD2EA40 /* Debug */ = {
			isa = XCBuildConfiguration;
			buildSettings = {
				ALWAYS_SEARCH_USER_PATHS = NO;
				CLANG_ANALYZER_NONNULL = YES;
				CLANG_ANALYZER_NUMBER_OBJECT_CONVERSION = YES_AGGRESSIVE;
				CLANG_CXX_LANGUAGE_STANDARD = "gnu++14";
				CLANG_CXX_LIBRARY = "libc++";
				CLANG_ENABLE_MODULES = YES;
				CLANG_ENABLE_OBJC_ARC = YES;
				CLANG_ENABLE_OBJC_WEAK = YES;
				CLANG_WARN_BLOCK_CAPTURE_AUTORELEASING = YES;
				CLANG_WARN_BOOL_CONVERSION = YES;
				CLANG_WARN_COMMA = YES;
				CLANG_WARN_CONSTANT_CONVERSION = YES;
				CLANG_WARN_DEPRECATED_OBJC_IMPLEMENTATIONS = YES;
				CLANG_WARN_DIRECT_OBJC_ISA_USAGE = YES_ERROR;
				CLANG_WARN_DOCUMENTATION_COMMENTS = YES;
				CLANG_WARN_EMPTY_BODY = YES;
				CLANG_WARN_ENUM_CONVERSION = YES;
				CLANG_WARN_INFINITE_RECURSION = YES;
				CLANG_WARN_INT_CONVERSION = YES;
				CLANG_WARN_NON_LITERAL_NULL_CONVERSION = YES;
				CLANG_WARN_OBJC_IMPLICIT_RETAIN_SELF = YES;
				CLANG_WARN_OBJC_LITERAL_CONVERSION = YES;
				CLANG_WARN_OBJC_ROOT_CLASS = YES_ERROR;
				CLANG_WARN_QUOTED_INCLUDE_IN_FRAMEWORK_HEADER = YES;
				CLANG_WARN_RANGE_LOOP_ANALYSIS = YES;
				CLANG_WARN_STRICT_PROTOTYPES = YES;
				CLANG_WARN_SUSPICIOUS_MOVE = YES;
				CLANG_WARN_UNGUARDED_AVAILABILITY = YES_AGGRESSIVE;
				CLANG_WARN_UNREACHABLE_CODE = YES;
				CLANG_WARN__DUPLICATE_METHOD_MATCH = YES;
				COPY_PHASE_STRIP = NO;
				DEBUG_INFORMATION_FORMAT = dwarf;
				ENABLE_STRICT_OBJC_MSGSEND = YES;
				ENABLE_TESTABILITY = YES;
				ENABLE_USER_SCRIPT_SANDBOXING = NO;
				GCC_C_LANGUAGE_STANDARD = gnu11;
				GCC_DYNAMIC_NO_PIC = NO;
				GCC_NO_COMMON_BLOCKS = YES;
				GCC_OPTIMIZATION_LEVEL = 0;
				GCC_PREPROCESSOR_DEFINITIONS = (
					"$(inherited)",
					"DEBUG=1",
				);
				GCC_WARN_64_TO_32_BIT_CONVERSION = YES;
				GCC_WARN_ABOUT_RETURN_TYPE = YES_ERROR;
				GCC_WARN_UNDECLARED_SELECTOR = YES;
				GCC_WARN_UNINITIALIZED_AUTOS = YES_AGGRESSIVE;
				GCC_WARN_UNUSED_FUNCTION = YES;
				GCC_WARN_UNUSED_VARIABLE = YES;
				IPHONEOS_DEPLOYMENT_TARGET = 16.0;
				MTL_ENABLE_DEBUG_INFO = INCLUDE_SOURCE;
				MTL_FAST_MATH = YES;
				ONLY_ACTIVE_ARCH = YES;
				PRODUCT_NAME = "$(TARGET_NAME)";
				SDKROOT = iphoneos;
				SWIFT_ACTIVE_COMPILATION_CONDITIONS = DEBUG;
				SWIFT_OPTIMIZATION_LEVEL = "-Onone";
				SWIFT_VERSION = 5.9;
			};
			name = Debug;
		};
		CC8AF3C46601EEE9D339587E /* Release */ = {
			isa = XCBuildConfiguration;
			buildSettings = {
				ASSETCATALOG_COMPILER_APPICON_NAME = AppIcon;
				CODE_SIGN_ENTITLEMENTS = FilmLightRemote/Resources/FilmLightRemote.entitlements;
				CODE_SIGN_IDENTITY = "iPhone Developer";
				CODE_SIGN_STYLE = Automatic;
				CURRENT_PROJECT_VERSION = 1;
				DEVELOPMENT_TEAM = 68V2Q6SJH5;
				INFOPLIST_FILE = FilmLightRemote/Resources/Info.plist;
				LD_RUNPATH_SEARCH_PATHS = (
					"$(inherited)",
					"@executable_path/Frameworks",
				);
				MARKETING_VERSION = 1.0.0;
				PRODUCT_BUNDLE_IDENTIFIER = com.aldenhammersmith.FilmLightRemote;
				PRODUCT_NAME = "Film Light Remote";
				SDKROOT = iphoneos;
				TARGETED_DEVICE_FAMILY = "1,2";
			};
			name = Release;
		};
		D6D28C2BDB6A6720AAE0C0FF /* Debug */ = {
			isa = XCBuildConfiguration;
			buildSettings = {
				ASSETCATALOG_COMPILER_APPICON_NAME = AppIcon;
				CODE_SIGN_ENTITLEMENTS = FilmLightRemote/Resources/FilmLightRemote.entitlements;
				CODE_SIGN_IDENTITY = "iPhone Developer";
				CODE_SIGN_STYLE = Automatic;
				CURRENT_PROJECT_VERSION = 1;
				DEVELOPMENT_TEAM = 68V2Q6SJH5;
				INFOPLIST_FILE = FilmLightRemote/Resources/Info.plist;
				LD_RUNPATH_SEARCH_PATHS = (
					"$(inherited)",
					"@executable_path/Frameworks",
				);
				MARKETING_VERSION = 1.0.0;
				PRODUCT_BUNDLE_IDENTIFIER = com.aldenhammersmith.FilmLightRemote;
				PRODUCT_NAME = "Film Light Remote";
				SDKROOT = iphoneos;
				TARGETED_DEVICE_FAMILY = "1,2";
			};
			name = Debug;
		};
/* End XCBuildConfiguration section */

/* Begin XCConfigurationList section */
		E948638C0077E89492C42F30 /* Build configuration list for PBXProject "FilmLightRemote" */ = {
			isa = XCConfigurationList;
			buildConfigurations = (
				BB14096A408A3566ECD2EA40 /* Debug */,
				6D1EB6B6425316F00B311935 /* Release */,
			);
			defaultConfigurationIsVisible = 0;
			defaultConfigurationName = Debug;
		};
		EF74309CFB386398847344E0 /* Build configuration list for PBXNativeTarget "FilmLightRemote" */ = {
			isa = XCConfigurationList;
			buildConfigurations = (
				D6D28C2BDB6A6720AAE0C0FF /* Debug */,
				CC8AF3C46601EEE9D339587E /* Release */,
			);
			defaultConfigurationIsVisible = 0;
			defaultConfigurationName = Debug;
		};
/* End XCConfigurationList section */

/* Begin XCRemoteSwiftPackageReference section */
		E0FF897B42CC8F4C134439E2 /* XCRemoteSwiftPackageReference "CryptoSwift" */ = {
			isa = XCRemoteSwiftPackageReference;
			repositoryURL = "https://github.com/krzyzanowskim/CryptoSwift.git";
			requirement = {
				kind = upToNextMajorVersion;
				minimumVersion = 1.8.0;
			};
		};
/* End XCRemoteSwiftPackageReference section */

/* Begin XCSwiftPackageProductDependency section */
		6B538549EB6B5D82531EAA96 /* CryptoSwift */ = {
			isa = XCSwiftPackageProductDependency;
			package = E0FF897B42CC8F4C134439E2 /* XCRemoteSwiftPackageReference "CryptoSwift" */;
			productName = CryptoSwift;
		};
/* End XCSwiftPackageProductDependency section */
	};
	rootObject = AA0F3B0C3FABE59437143ECD /* Project object */;
}
