// !$*UTF8*$!
{
	archiveVersion = 1;
	classes = {
	};
	objectVersion = 63;
	objects = {

/* Begin PBXBuildFile section */
		0A9282FEA8918D629FAEED8D /* LightControlView.swift in Sources */ = {isa = PBXBuildFile; fileRef = 9AAE3FBEA794C6D7DA1D597D /* LightControlView.swift */; };
		237646B1C10C3EAD06E7E978 /* DebugLogView.swift in Sources */ = {isa = PBXBuildFile; fileRef = 5E0AD22691AC13AA834B0487 /* DebugLogView.swift */; };
		4CEE24AC461D9679FB4DF680 /* SidusMeshManager.swift in Sources */ = {isa = PBXBuildFile; fileRef = D28C143EC7176C074425F538 /* SidusMeshManager.swift */; };
		906941AABFDCB09F3F60EE54 /* SidusMeshConfig.swift in Sources */ = {isa = PBXBuildFile; fileRef = AD8F4D6567CD5F653F4FF720 /* SidusMeshConfig.swift */; };
		967A6D3B3784BF433641BE94 /* LightState.swift in Sources */ = {isa = PBXBuildFile; fileRef = C12300A661DDD19AB7992487 /* LightState.swift */; };
		9CA18D2A805EBEDF789859F4 /* MeshCrypto.swift in Sources */ = {isa = PBXBuildFile; fileRef = 992513CD5F1FAA9B84055887 /* MeshCrypto.swift */; };
		9F4E8D7B81AF8C471777253E /* SidusProtocols.swift in Sources */ = {isa = PBXBuildFile; fileRef = D25EB2E3FBCB7C6799D4542F /* SidusProtocols.swift */; };
		AD22780D400186BC14DF823B /* FilmLightRemoteApp.swift in Sources */ = {isa = PBXBuildFile; fileRef = 46C0D7611C64BE31809559B3 /* FilmLightRemoteApp.swift */; };
		C09358CAB6C704237479F3FE /* BLEManager.swift in Sources */ = {isa = PBXBuildFile; fileRef = 1E877B3320FD9730E91EC522 /* BLEManager.swift */; };
		C137F62B9A5A9DD8C37EA7C0 /* ContentView.swift in Sources */ = {isa = PBXBuildFile; fileRef = 6460FFFCC181B4F8B9CCDC0D /* ContentView.swift */; };
		F6520380E97A2CF03A4D2759 /* ScannerView.swift in Sources */ = {isa = PBXBuildFile; fileRef = 7516003A19D055B376461731 /* ScannerView.swift */; };
		FA5D2177F66FE33715125982 /* CryptoSwift in Frameworks */ = {isa = PBXBuildFile; productRef = 6B538549EB6B5D82531EAA96 /* CryptoSwift */; };
		A1B2C3D4E5F6A7B8C9D0E1F2 /* ProvisioningCrypto.swift in Sources */ = {isa = PBXBuildFile; fileRef = B1C2D3E4F5A6B7C8D9E0F1A2 /* ProvisioningCrypto.swift */; };
		A2B3C4D5E6F7A8B9C0D1E2F3 /* ProvisioningPDU.swift in Sources */ = {isa = PBXBuildFile; fileRef = B2C3D4E5F6A7B8C9D0E1F2A3 /* ProvisioningPDU.swift */; };
		A3B4C5D6E7F8A9B0C1D2E3F4 /* ProvisioningManager.swift in Sources */ = {isa = PBXBuildFile; fileRef = B3C4D5E6F7A8B9C0D1E2F3A4 /* ProvisioningManager.swift */; };
		A4B5C6D7E8F9A0B1C2D3E4F5 /* KeyStorage.swift in Sources */ = {isa = PBXBuildFile; fileRef = B4C5D6E7F8A9B0C1D2E3F4A5 /* KeyStorage.swift */; };
		A5B6C7D8E9F0A1B2C3D4E5F6 /* ProvisioningView.swift in Sources */ = {isa = PBXBuildFile; fileRef = B5C6D7E8F9A0B1C2D3E4F5A6 /* ProvisioningView.swift */; };
/* End PBXBuildFile section */

/* Begin PBXFileReference section */
		1E877B3320FD9730E91EC522 /* BLEManager.swift */ = {isa = PBXFileReference; lastKnownFileType = sourcecode.swift; path = BLEManager.swift; sourceTree = "<group>"; };
		46C0D7611C64BE31809559B3 /* FilmLightRemoteApp.swift */ = {isa = PBXFileReference; lastKnownFileType = sourcecode.swift; path = FilmLightRemoteApp.swift; sourceTree = "<group>"; };
		5E0AD22691AC13AA834B0487 /* DebugLogView.swift */ = {isa = PBXFileReference; lastKnownFileType = sourcecode.swift; path = DebugLogView.swift; sourceTree = "<group>"; };
		6460FFFCC181B4F8B9CCDC0D /* ContentView.swift */ = {isa = PBXFileReference; lastKnownFileType = sourcecode.swift; path = ContentView.swift; sourceTree = "<group>"; };
		7516003A19D055B376461731 /* ScannerView.swift */ = {isa = PBXFileReference; lastKnownFileType = sourcecode.swift; path = ScannerView.swift; sourceTree = "<group>"; };
		992513CD5F1FAA9B84055887 /* MeshCrypto.swift */ = {isa = PBXFileReference; lastKnownFileType = sourcecode.swift; path = MeshCrypto.swift; sourceTree = "<group>"; };
		9AAE3FBEA794C6D7DA1D597D /* LightControlView.swift */ = {isa = PBXFileReference; lastKnownFileType = sourcecode.swift; path = LightControlView.swift; sourceTree = "<group>"; };
		AD8F4D6567CD5F653F4FF720 /* SidusMeshConfig.swift */ = {isa = PBXFileReference; lastKnownFileType = sourcecode.swift; path = SidusMeshConfig.swift; sourceTree = "<group>"; };
		C12300A661DDD19AB7992487 /* LightState.swift */ = {isa = PBXFileReference; lastKnownFileType = sourcecode.swift; path = LightState.swift; sourceTree = "<group>"; };
		D25EB2E3FBCB7C6799D4542F /* SidusProtocols.swift */ = {isa = PBXFileReference; lastKnownFileType = sourcecode.swift; path = SidusProtocols.swift; sourceTree = "<group>"; };
		D28C143EC7176C074425F538 /* SidusMeshManager.swift */ = {isa = PBXFileReference; lastKnownFileType = sourcecode.swift; path = SidusMeshManager.swift; sourceTree = "<group>"; };
		DCBC503C53982BEB3199AF30 /* Film Light Remote.app */ = {isa = PBXFileReference; explicitFileType = wrapper.application; includeInIndex = 0; path = "Film Light Remote.app"; sourceTree = BUILT_PRODUCTS_DIR; };
		B1C2D3E4F5A6B7C8D9E0F1A2 /* ProvisioningCrypto.swift */ = {isa = PBXFileReference; lastKnownFileType = sourcecode.swift; path = ProvisioningCrypto.swift; sourceTree = "<group>"; };
		B2C3D4E5F6A7B8C9D0E1F2A3 /* ProvisioningPDU.swift */ = {isa = PBXFileReference; lastKnownFileType = sourcecode.swift; path = ProvisioningPDU.swift; sourceTree = "<group>"; };
		B3C4D5E6F7A8B9C0D1E2F3A4 /* ProvisioningManager.swift */ = {isa = PBXFileReference; lastKnownFileType = sourcecode.swift; path = ProvisioningManager.swift; sourceTree = "<group>"; };
		B4C5D6E7F8A9B0C1D2E3F4A5 /* KeyStorage.swift */ = {isa = PBXFileReference; lastKnownFileType = sourcecode.swift; path = KeyStorage.swift; sourceTree = "<group>"; };
		B5C6D7E8F9A0B1C2D3E4F5A6 /* ProvisioningView.swift */ = {isa = PBXFileReference; lastKnownFileType = sourcecode.swift; path = ProvisioningView.swift; sourceTree = "<group>"; };
/* End PBXFileReference section */

/* Begin PBXFrameworksBuildPhase section */
		8E215C16851B18999DEE5002 /* Frameworks */ = {
			isa = PBXFrameworksBuildPhase;
			buildActionMask = 2147483647;
			files = (
				FA5D2177F66FE33715125982 /* CryptoSwift in Frameworks */,
			);
			runOnlyForDeploymentPostprocessing = 0;
		};
/* End PBXFrameworksBuildPhase section */

/* Begin PBXGroup section */
		080E860E5F644D0207A2725F /* Products */ = {
			isa = PBXGroup;
			children = (
				DCBC503C53982BEB3199AF30 /* Film Light Remote.app */,
			);
			name = Products;
			sourceTree = "<group>";
		};
		A0AA491C738FD6E6910A8773 /* Views */ = {
			isa = PBXGroup;
			children = (
				6460FFFCC181B4F8B9CCDC0D /* ContentView.swift */,
				5E0AD22691AC13AA834B0487 /* DebugLogView.swift */,
				9AAE3FBEA794C6D7DA1D597D /* LightControlView.swift */,
				B5C6D7E8F9A0B1C2D3E4F5A6 /* ProvisioningView.swift */,
				7516003A19D055B376461731 /* ScannerView.swift */,
			);
			path = Views;
			sourceTree = "<group>";
		};
		D1A660717A0D303C1804688C /* Models */ = {
			isa = PBXGroup;
			children = (
				C12300A661DDD19AB7992487 /* LightState.swift */,
			);
			path = Models;
			sourceTree = "<group>";
		};
		D6B6E752036D0EB0FAF46F56 /* BLE */ = {
			isa = PBXGroup;
			children = (
				1E877B3320FD9730E91EC522 /* BLEManager.swift */,
				B4C5D6E7F8A9B0C1D2E3F4A5 /* KeyStorage.swift */,
				992513CD5F1FAA9B84055887 /* MeshCrypto.swift */,
				B1C2D3E4F5A6B7C8D9E0F1A2 /* ProvisioningCrypto.swift */,
				B3C4D5E6F7A8B9C0D1E2F3A4 /* ProvisioningManager.swift */,
				B2C3D4E5F6A7B8C9D0E1F2A3 /* ProvisioningPDU.swift */,
				AD8F4D6567CD5F653F4FF720 /* SidusMeshConfig.swift */,
				D28C143EC7176C074425F538 /* SidusMeshManager.swift */,
				D25EB2E3FBCB7C6799D4542F /* SidusProtocols.swift */,
			);
			path = BLE;
			sourceTree = "<group>";
		};
		E8D242696B7DDE837BDBD429 /* App */ = {
			isa = PBXGroup;
			children = (
				46C0D7611C64BE31809559B3 /* FilmLightRemoteApp.swift */,
			);
			path = App;
			sourceTree = "<group>";
		};
		F5E3FBD50A7DC564BCE49F79 /* Utils */ = {
			isa = PBXGroup;
			children = (
			);
			path = Utils;
			sourceTree = "<group>";
		};
		F9F17139782469E453CC4753 = {
			isa = PBXGroup;
			children = (
				FC22F58F04F66172A1CE5430 /* Sources */,
				080E860E5F644D0207A2725F /* Products */,
			);
			sourceTree = "<group>";
		};
		FC22F58F04F66172A1CE5430 /* Sources */ = {
			isa = PBXGroup;
			children = (
				E8D242696B7DDE837BDBD429 /* App */,
				D6B6E752036D0EB0FAF46F56 /* BLE */,
				D1A660717A0D303C1804688C /* Models */,
				F5E3FBD50A7DC564BCE49F79 /* Utils */,
				A0AA491C738FD6E6910A8773 /* Views */,
			);
			name = Sources;
			path = FilmLightRemote/Sources;
			sourceTree = "<group>";
		};
/* End PBXGroup section */

/* Begin PBXNativeTarget section */
		264DAB5395C727009F70C4F1 /* FilmLightRemote */ = {
			isa = PBXNativeTarget;
			buildConfigurationList = EF74309CFB386398847344E0 /* Build configuration list for PBXNativeTarget "FilmLightRemote" */;
			buildPhases = (
				AD73C086D5D581AF9C02BFF8 /* Sources */,
				8E215C16851B18999DEE5002 /* Frameworks */,
			);
			buildRules = (
			);
			dependencies = (
			);
			name = FilmLightRemote;
			packageProductDependencies = (
				6B538549EB6B5D82531EAA96 /* CryptoSwift */,
			);
			productName = FilmLightRemote;
			productReference = DCBC503C53982BEB3199AF30 /* Film Light Remote.app */;
			productType = "com.apple.product-type.application";
		};
/* End PBXNativeTarget section */

/* Begin PBXProject section */
		AA0F3B0C3FABE59437143ECD /* Project object */ = {
			isa = PBXProject;
			attributes = {
				BuildIndependentTargetsInParallel = YES;
				LastUpgradeCheck = 1620;
				TargetAttributes = {
					264DAB5395C727009F70C4F1 = {
						ProvisioningStyle = Automatic;
					};
				};
			};
			buildConfigurationList = E948638C0077E89492C42F30 /* Build configuration list for PBXProject "FilmLightRemote" */;
			compatibilityVersion = "Xcode 14.0";
			developmentRegion = en;
			hasScannedForEncodings = 0;
			knownRegions = (
				Base,
				en,
			);
			mainGroup = F9F17139782469E453CC4753;
			minimizedProjectReferenceProxies = 1;
			packageReferences = (
				E0FF897B42CC8F4C134439E2 /* XCRemoteSwiftPackageReference "CryptoSwift" */,
			);
			projectDirPath = "";
			projectRoot = "";
			targets = (
				264DAB5395C727009F70C4F1 /* FilmLightRemote */,
			);
		};
/* End PBXProject section */

/* Begin PBXSourcesBuildPhase section */
		AD73C086D5D581AF9C02BFF8 /* Sources */ = {
			isa = PBXSourcesBuildPhase;
			buildActionMask = 2147483647;
			files = (
				C09358CAB6C704237479F3FE /* BLEManager.swift in Sources */,
				C137F62B9A5A9DD8C37EA7C0 /* ContentView.swift in Sources */,
				237646B1C10C3EAD06E7E978 /* DebugLogView.swift in Sources */,
				AD22780D400186BC14DF823B /* FilmLightRemoteApp.swift in Sources */,
				A4B5C6D7E8F9A0B1C2D3E4F5 /* KeyStorage.swift in Sources */,
				0A9282FEA8918D629FAEED8D /* LightControlView.swift in Sources */,
				967A6D3B3784BF433641BE94 /* LightState.swift in Sources */,
				9CA18D2A805EBEDF789859F4 /* MeshCrypto.swift in Sources */,
				A1B2C3D4E5F6A7B8C9D0E1F2 /* ProvisioningCrypto.swift in Sources */,
				A3B4C5D6E7F8A9B0C1D2E3F4 /* ProvisioningManager.swift in Sources */,
				A2B3C4D5E6F7A8B9C0D1E2F3 /* ProvisioningPDU.swift in Sources */,
				A5B6C7D8E9F0A1B2C3D4E5F6 /* ProvisioningView.swift in Sources */,
				F6520380E97A2CF03A4D2759 /* ScannerView.swift in Sources */,
				906941AABFDCB09F3F60EE54 /* SidusMeshConfig.swift in Sources */,
				4CEE24AC461D9679FB4DF680 /* SidusMeshManager.swift in Sources */,
				9F4E8D7B81AF8C471777253E /* SidusProtocols.swift in Sources */,
			);
			runOnlyForDeploymentPostprocessing = 0;
		};
/* End PBXSourcesBuildPhase section */

/* Begin XCBuildConfiguration section */
		6D1EB6B6425316F00B311935 /* Release */ = {
			isa = XCBuildConfiguration;
			buildSettings = {
				ALWAYS_SEARCH_USER_PATHS = NO;
				ASSETCATALOG_COMPILER_GENERATE_SWIFT_ASSET_SYMBOL_EXTENSIONS = YES;
				CLANG_ANALYZER_NONNULL = YES;
				CLANG_ANALYZER_NUMBER_OBJECT_CONVERSION = YES_AGGRESSIVE;
				CLANG_CXX_LANGUAGE_STANDARD = "gnu++14";
				CLANG_CXX_LIBRARY = "libc++";
				CLANG_ENABLE_MODULES = YES;
				CLANG_ENABLE_OBJC_ARC = YES;
				CLANG_ENABLE_OBJC_WEAK = YES;
				CLANG_WARN_BLOCK_CAPTURE_AUTORELEASING = YES;
				CLANG_WARN_BOOL_CONVERSION = YES;
				CLANG_WARN_COMMA = YES;
				CLANG_WARN_CONSTANT_CONVERSION = YES;
				CLANG_WARN_DEPRECATED_OBJC_IMPLEMENTATIONS = YES;
				CLANG_WARN_DIRECT_OBJC_ISA_USAGE = YES_ERROR;
				CLANG_WARN_DOCUMENTATION_COMMENTS = YES;
				CLANG_WARN_EMPTY_BODY = YES;
				CLANG_WARN_ENUM_CONVERSION = YES;
				CLANG_WARN_INFINITE_RECURSION = YES;
				CLANG_WARN_INT_CONVERSION = YES;
				CLANG_WARN_NON_LITERAL_NULL_CONVERSION = YES;
				CLANG_WARN_OBJC_IMPLICIT_RETAIN_SELF = YES;
				CLANG_WARN_OBJC_LITERAL_CONVERSION = YES;
				CLANG_WARN_OBJC_ROOT_CLASS = YES_ERROR;
				CLANG_WARN_QUOTED_INCLUDE_IN_FRAMEWORK_HEADER = YES;
				CLANG_WARN_RANGE_LOOP_ANALYSIS = YES;
				CLANG_WARN_STRICT_PROTOTYPES = YES;
				CLANG_WARN_SUSPICIOUS_MOVE = YES;
				CLANG_WARN_UNGUARDED_AVAILABILITY = YES_AGGRESSIVE;
				CLANG_WARN_UNREACHABLE_CODE = YES;
				CLANG_WARN__DUPLICATE_METHOD_MATCH = YES;
				COPY_PHASE_STRIP = NO;
				DEBUG_INFORMATION_FORMAT = "dwarf-with-dsym";
				ENABLE_NS_ASSERTIONS = NO;
				ENABLE_STRICT_OBJC_MSGSEND = YES;
				ENABLE_USER_SCRIPT_SANDBOXING = NO;
				GCC_C_LANGUAGE_STANDARD = gnu11;
				GCC_NO_COMMON_BLOCKS = YES;
				GCC_WARN_64_TO_32_BIT_CONVERSION = YES;
				GCC_WARN_ABOUT_RETURN_TYPE = YES_ERROR;
				GCC_WARN_UNDECLARED_SELECTOR = YES;
				GCC_WARN_UNINITIALIZED_AUTOS = YES_AGGRESSIVE;
				GCC_WARN_UNUSED_FUNCTION = YES;
				GCC_WARN_UNUSED_VARIABLE = YES;
				IPHONEOS_DEPLOYMENT_TARGET = 16.0;
				MTL_ENABLE_DEBUG_INFO = NO;
				MTL_FAST_MATH = YES;
				PRODUCT_NAME = "$(TARGET_NAME)";
				SDKROOT = iphoneos;
				SWIFT_COMPILATION_MODE = wholemodule;
				SWIFT_OPTIMIZATION_LEVEL = "-O";
				SWIFT_VERSION = 5.9;
			};
			name = Release;
		};
		BB14096A408A3566ECD2EA40 /* Debug */ = {
			isa = XCBuildConfiguration;
			buildSettings = {
				ALWAYS_SEARCH_USER_PATHS = NO;
				ASSETCATALOG_COMPILER_GENERATE_SWIFT_ASSET_SYMBOL_EXTENSIONS = YES;
				CLANG_ANALYZER_NONNULL = YES;
				CLANG_ANALYZER_NUMBER_OBJECT_CONVERSION = YES_AGGRESSIVE;
				CLANG_CXX_LANGUAGE_STANDARD = "gnu++14";
				CLANG_CXX_LIBRARY = "libc++";
				CLANG_ENABLE_MODULES = YES;
				CLANG_ENABLE_OBJC_ARC = YES;
				CLANG_ENABLE_OBJC_WEAK = YES;
				CLANG_WARN_BLOCK_CAPTURE_AUTORELEASING = YES;
				CLANG_WARN_BOOL_CONVERSION = YES;
				CLANG_WARN_COMMA = YES;
				CLANG_WARN_CONSTANT_CONVERSION = YES;
				CLANG_WARN_DEPRECATED_OBJC_IMPLEMENTATIONS = YES;
				CLANG_WARN_DIRECT_OBJC_ISA_USAGE = YES_ERROR;
				CLANG_WARN_DOCUMENTATION_COMMENTS = YES;
				CLANG_WARN_EMPTY_BODY = YES;
				CLANG_WARN_ENUM_CONVERSION = YES;
				CLANG_WARN_INFINITE_RECURSION = YES;
				CLANG_WARN_INT_CONVERSION = YES;
				CLANG_WARN_NON_LITERAL_NULL_CONVERSION = YES;
				CLANG_WARN_OBJC_IMPLICIT_RETAIN_SELF = YES;
				CLANG_WARN_OBJC_LITERAL_CONVERSION = YES;
				CLANG_WARN_OBJC_ROOT_CLASS = YES_ERROR;
				CLANG_WARN_QUOTED_INCLUDE_IN_FRAMEWORK_HEADER = YES;
				CLANG_WARN_RANGE_LOOP_ANALYSIS = YES;
				CLANG_WARN_STRICT_PROTOTYPES = YES;
				CLANG_WARN_SUSPICIOUS_MOVE = YES;
				CLANG_WARN_UNGUARDED_AVAILABILITY = YES_AGGRESSIVE;
				CLANG_WARN_UNREACHABLE_CODE = YES;
				CLANG_WARN__DUPLICATE_METHOD_MATCH = YES;
				COPY_PHASE_STRIP = NO;
				DEBUG_INFORMATION_FORMAT = dwarf;
				ENABLE_STRICT_OBJC_MSGSEND = YES;
				ENABLE_TESTABILITY = YES;
				ENABLE_USER_SCRIPT_SANDBOXING = NO;
				GCC_C_LANGUAGE_STANDARD = gnu11;
				GCC_DYNAMIC_NO_PIC = NO;
				GCC_NO_COMMON_BLOCKS = YES;
				GCC_OPTIMIZATION_LEVEL = 0;
				GCC_PREPROCESSOR_DEFINITIONS = (
					"$(inherited)",
					"DEBUG=1",
				);
				GCC_WARN_64_TO_32_BIT_CONVERSION = YES;
				GCC_WARN_ABOUT_RETURN_TYPE = YES_ERROR;
				GCC_WARN_UNDECLARED_SELECTOR = YES;
				GCC_WARN_UNINITIALIZED_AUTOS = YES_AGGRESSIVE;
				GCC_WARN_UNUSED_FUNCTION = YES;
				GCC_WARN_UNUSED_VARIABLE = YES;
				IPHONEOS_DEPLOYMENT_TARGET = 16.0;
				MTL_ENABLE_DEBUG_INFO = INCLUDE_SOURCE;
				MTL_FAST_MATH = YES;
				ONLY_ACTIVE_ARCH = YES;
				PRODUCT_NAME = "$(TARGET_NAME)";
				SDKROOT = iphoneos;
				SWIFT_ACTIVE_COMPILATION_CONDITIONS = DEBUG;
				SWIFT_OPTIMIZATION_LEVEL = "-Onone";
				SWIFT_VERSION = 5.9;
			};
			name = Debug;
		};
		CC8AF3C46601EEE9D339587E /* Release */ = {
			isa = XCBuildConfiguration;
			buildSettings = {
				ASSETCATALOG_COMPILER_APPICON_NAME = AppIcon;
				CODE_SIGN_ENTITLEMENTS = FilmLightRemote/Resources/FilmLightRemote.entitlements;
				CODE_SIGN_IDENTITY = "iPhone Developer";
				CODE_SIGN_STYLE = Automatic;
				CURRENT_PROJECT_VERSION = 1;
				DEVELOPMENT_TEAM = 68V2Q6SJH5;
				INFOPLIST_FILE = FilmLightRemote/Resources/Info.plist;
				LD_RUNPATH_SEARCH_PATHS = (
					"$(inherited)",
					"@executable_path/Frameworks",
				);
				MARKETING_VERSION = 1.0.0;
				PRODUCT_BUNDLE_IDENTIFIER = com.aldenhammersmith.FilmLightRemote;
				PRODUCT_NAME = "Film Light Remote";
				SDKROOT = iphoneos;
				TARGETED_DEVICE_FAMILY = "1,2";
			};
			name = Release;
		};
		D6D28C2BDB6A6720AAE0C0FF /* Debug */ = {
			isa = XCBuildConfiguration;
			buildSettings = {
				ASSETCATALOG_COMPILER_APPICON_NAME = AppIcon;
				CODE_SIGN_ENTITLEMENTS = FilmLightRemote/Resources/FilmLightRemote.entitlements;
				CODE_SIGN_IDENTITY = "iPhone Developer";
				CODE_SIGN_STYLE = Automatic;
				CURRENT_PROJECT_VERSION = 1;
				DEVELOPMENT_TEAM = 68V2Q6SJH5;
				INFOPLIST_FILE = FilmLightRemote/Resources/Info.plist;
				LD_RUNPATH_SEARCH_PATHS = (
					"$(inherited)",
					"@executable_path/Frameworks",
				);
				MARKETING_VERSION = 1.0.0;
				PRODUCT_BUNDLE_IDENTIFIER = com.aldenhammersmith.FilmLightRemote;
				PRODUCT_NAME = "Film Light Remote";
				SDKROOT = iphoneos;
				TARGETED_DEVICE_FAMILY = "1,2";
			};
			name = Debug;
		};
/* End XCBuildConfiguration section */

/* Begin XCConfigurationList section */
		E948638C0077E89492C42F30 /* Build configuration list for PBXProject "FilmLightRemote" */ = {
			isa = XCConfigurationList;
			buildConfigurations = (
				BB14096A408A3566ECD2EA40 /* Debug */,
				6D1EB6B6425316F00B311935 /* Release */,
			);
			defaultConfigurationIsVisible = 0;
			defaultConfigurationName = Debug;
		};
		EF74309CFB386398847344E0 /* Build configuration list for PBXNativeTarget "FilmLightRemote" */ = {
			isa = XCConfigurationList;
			buildConfigurations = (
				D6D28C2BDB6A6720AAE0C0FF /* Debug */,
				CC8AF3C46601EEE9D339587E /* Release */,
			);
			defaultConfigurationIsVisible = 0;
			defaultConfigurationName = Debug;
		};
/* End XCConfigurationList section */

/* Begin XCRemoteSwiftPackageReference section */
		E0FF897B42CC8F4C134439E2 /* XCRemoteSwiftPackageReference "CryptoSwift" */ = {
			isa = XCRemoteSwiftPackageReference;
			repositoryURL = "https://github.com/krzyzanowskim/CryptoSwift.git";
			requirement = {
				kind = upToNextMajorVersion;
				minimumVersion = 1.8.0;
			};
		};
/* End XCRemoteSwiftPackageReference section */

/* Begin XCSwiftPackageProductDependency section */
		6B538549EB6B5D82531EAA96 /* CryptoSwift */ = {
			isa = XCSwiftPackageProductDependency;
			package = E0FF897B42CC8F4C134439E2 /* XCRemoteSwiftPackageReference "CryptoSwift" */;
			productName = CryptoSwift;
		};
/* End XCSwiftPackageProductDependency section */
	};
	rootObject = AA0F3B0C3FABE59437143ECD /* Project object */;
}
